
Microsoft Visual Studio Solution File, Format Version 12.00
# Visual Studio Version 17
VisualStudioVersion = 17.1.32210.238
MinimumVisualStudioVersion = 10.0.40219.1
Project("{FAE04EC0-301F-11D3-BF4B-00C04F79EFBC}") = "UnitTest_Practise", "UnitTest_Practise\UnitTest_Practise.csproj", "{D0009F3A-96D5-4698-9D1A-FE1DD6A2D8A2}"
EndProject
Project("{FAE04EC0-301F-11D3-BF4B-00C04F79EFBC}") = "UnitTest_Practise.Test", "UnitTest_Practise.Test\UnitTest_Practise.Test.csproj", "{96697871-DD38-4CA6-A0C0-E9BF057BA0BD}"
EndProject
Global
	GlobalSection(SolutionConfigurationPlatforms) = preSolution
		Debug|Any CPU = Debug|Any CPU
		Release|Any CPU = Release|Any CPU
	EndGlobalSection
	GlobalSection(ProjectConfigurationPlatforms) = postSolution
		{D0009F3A-96D5-4698-9D1A-FE1DD6A2D8A2}.Debug|Any CPU.ActiveCfg = Debug|Any CPU
		{D0009F3A-96D5-4698-9D1A-FE1DD6A2D8A2}.Debug|Any CPU.Build.0 = Debug|Any CPU
		{D0009F3A-96D5-4698-9D1A-FE1DD6A2D8A2}.Release|Any CPU.ActiveCfg = Release|Any CPU
		{D0009F3A-96D5-4698-9D1A-FE1DD6A2D8A2}.Release|Any CPU.Build.0 = Release|Any CPU
		{96697871-DD38-4CA6-A0C0-E9BF057BA0BD}.Debug|Any CPU.ActiveCfg = Debug|Any CPU
		{96697871-DD38-4CA6-A0C0-E9BF057BA0BD}.Debug|Any CPU.Build.0 = Debug|Any CPU
		{96697871-DD38-4CA6-A0C0-E9BF057BA0BD}.Release|Any CPU.ActiveCfg = Release|Any CPU
		{96697871-DD38-4CA6-A0C0-E9BF057BA0BD}.Release|Any CPU.Build.0 = Release|Any CPU
	EndGlobalSection
	GlobalSection(SolutionProperties) = preSolution
		HideSolutionNode = FALSE
	EndGlobalSection
	GlobalSection(ExtensibilityGlobals) = postSolution
		SolutionGuid = {C2DE8C82-3352-41B2-849D-D922F8F0F0BE}
	EndGlobalSection
EndGlobal
